// !$*UTF8*$!
{
	archiveVersion = 1;
	classes = {
	};
	objectVersion = 55;
	objects = {

/* Begin PBXBuildFile section */
		541A7B1E2880A52F0052BD23 /* BucketListView.swift in Sources */ = {isa = PBXBuildFile; fileRef = 541A7B1D2880A52F0052BD23 /* BucketListView.swift */; };
		541A7B202880A5700052BD23 /* BucketListDestination.swift in Sources */ = {isa = PBXBuildFile; fileRef = 541A7B1F2880A5700052BD23 /* BucketListDestination.swift */; };
		541A7B222880A6050052BD23 /* BucketListViewModel.swift in Sources */ = {isa = PBXBuildFile; fileRef = 541A7B212880A6050052BD23 /* BucketListViewModel.swift */; };
		541A7B282880DFD50052BD23 /* SearchBar.swift in Sources */ = {isa = PBXBuildFile; fileRef = 541A7B272880DFD50052BD23 /* SearchBar.swift */; };
		541A7B2A2880E1170052BD23 /* EmptyListTile.swift in Sources */ = {isa = PBXBuildFile; fileRef = 541A7B292880E1170052BD23 /* EmptyListTile.swift */; };
		541A7B33288104F10052BD23 /* PlaceToVisitViewModel.swift in Sources */ = {isa = PBXBuildFile; fileRef = 541A7B32288104F10052BD23 /* PlaceToVisitViewModel.swift */; };
		541A7B35288105040052BD23 /* ThingToPackViewModel.swift in Sources */ = {isa = PBXBuildFile; fileRef = 541A7B34288105040052BD23 /* ThingToPackViewModel.swift */; };
		541A7B37288105140052BD23 /* NotesViewModel.swift in Sources */ = {isa = PBXBuildFile; fileRef = 541A7B36288105140052BD23 /* NotesViewModel.swift */; };
		541A7B392881331A0052BD23 /* DatesViewModel.swift in Sources */ = {isa = PBXBuildFile; fileRef = 541A7B382881331A0052BD23 /* DatesViewModel.swift */; };
		541E815D288F7863008DCFC4 /* OnboardingView.swift in Sources */ = {isa = PBXBuildFile; fileRef = 541E815C288F7863008DCFC4 /* OnboardingView.swift */; };
		543DE0B42886089A00576C1B /* Coordinates.swift in Sources */ = {isa = PBXBuildFile; fileRef = 543DE0B32886089A00576C1B /* Coordinates.swift */; };
		5462B7E02889D14800D59904 /* LocationManager.swift in Sources */ = {isa = PBXBuildFile; fileRef = 5462B7DF2889D14800D59904 /* LocationManager.swift */; };
		547EC6B0288A001600593707 /* TopLocation.swift in Sources */ = {isa = PBXBuildFile; fileRef = 547EC6AF288A001600593707 /* TopLocation.swift */; };
		547EC6B3288A00BE00593707 /* TopLocationService.swift in Sources */ = {isa = PBXBuildFile; fileRef = 547EC6B2288A00BE00593707 /* TopLocationService.swift */; };
		547EC6B7288A085000593707 /* YelpService.swift in Sources */ = {isa = PBXBuildFile; fileRef = 547EC6B6288A085000593707 /* YelpService.swift */; };
		547EC6B9288A0F5900593707 /* Business.swift in Sources */ = {isa = PBXBuildFile; fileRef = 547EC6B8288A0F5900593707 /* Business.swift */; };
		5483C58B28838356005E5167 /* ButtonLabel.swift in Sources */ = {isa = PBXBuildFile; fileRef = 5483C58A28838356005E5167 /* ButtonLabel.swift */; };
		5483C58D28838C2B005E5167 /* SupportEmail.swift in Sources */ = {isa = PBXBuildFile; fileRef = 5483C58C28838C2B005E5167 /* SupportEmail.swift */; };
		5483C58F28838DE1005E5167 /* AppBundle+Extensions.swift in Sources */ = {isa = PBXBuildFile; fileRef = 5483C58E28838DE1005E5167 /* AppBundle+Extensions.swift */; };
		5485EB1D2888634D00A1B608 /* HomeView.swift in Sources */ = {isa = PBXBuildFile; fileRef = 5485EB1C2888634D00A1B608 /* HomeView.swift */; };
		5485EB202888ADF700A1B608 /* RandomDestinationService.swift in Sources */ = {isa = PBXBuildFile; fileRef = 5485EB1F2888ADF700A1B608 /* RandomDestinationService.swift */; };
		5485EB222888AE1900A1B608 /* RandomDestination.swift in Sources */ = {isa = PBXBuildFile; fileRef = 5485EB212888AE1900A1B608 /* RandomDestination.swift */; };
		5485EB242888AF0100A1B608 /* NetworkError.swift in Sources */ = {isa = PBXBuildFile; fileRef = 5485EB232888AF0100A1B608 /* NetworkError.swift */; };
		549184FC287E1A2000A22F5C /* Trip.swift in Sources */ = {isa = PBXBuildFile; fileRef = 549184FB287E1A2000A22F5C /* Trip.swift */; };
		549184FE287E234800A22F5C /* TripListViewModel.swift in Sources */ = {isa = PBXBuildFile; fileRef = 549184FD287E234800A22F5C /* TripListViewModel.swift */; };
		54918500287E29BB00A22F5C /* TripListView.swift in Sources */ = {isa = PBXBuildFile; fileRef = 549184FF287E29BA00A22F5C /* TripListView.swift */; };
		54918502287E417800A22F5C /* Place.swift in Sources */ = {isa = PBXBuildFile; fileRef = 54918501287E417800A22F5C /* Place.swift */; };
		54918504287E41B500A22F5C /* ThingToPack.swift in Sources */ = {isa = PBXBuildFile; fileRef = 54918503287E41B500A22F5C /* ThingToPack.swift */; };
		549E6DF0287F74A100085BDA /* CitySearchService.swift in Sources */ = {isa = PBXBuildFile; fileRef = 549E6DEF287F74A100085BDA /* CitySearchService.swift */; };
		549E6DF2287F74F600085BDA /* City.swift in Sources */ = {isa = PBXBuildFile; fileRef = 549E6DF1287F74F600085BDA /* City.swift */; };
		549E6DF4287F7D9500085BDA /* CityListViewModel.swift in Sources */ = {isa = PBXBuildFile; fileRef = 549E6DF3287F7D9500085BDA /* CityListViewModel.swift */; };
		549E6DF6287FA24100085BDA /* TripDetailView.swift in Sources */ = {isa = PBXBuildFile; fileRef = 549E6DF5287FA24100085BDA /* TripDetailView.swift */; };
		549E6DF8287FB07C00085BDA /* AppTabBarView.swift in Sources */ = {isa = PBXBuildFile; fileRef = 549E6DF7287FB07C00085BDA /* AppTabBarView.swift */; };
		549E6DFA287FB18600085BDA /* UserProfileView.swift in Sources */ = {isa = PBXBuildFile; fileRef = 549E6DF9287FB18600085BDA /* UserProfileView.swift */; };
		54A3EAFD28822F4100A3D1AE /* ShareSheet.swift in Sources */ = {isa = PBXBuildFile; fileRef = 54A3EAFC28822F4100A3D1AE /* ShareSheet.swift */; };
		54CCEDAD287CFC4E00C62679 /* TravelPlannerApp.swift in Sources */ = {isa = PBXBuildFile; fileRef = 54CCEDAC287CFC4E00C62679 /* TravelPlannerApp.swift */; };
		54CCEDB1287CFC5000C62679 /* Assets.xcassets in Resources */ = {isa = PBXBuildFile; fileRef = 54CCEDB0287CFC5000C62679 /* Assets.xcassets */; };
		54CCEDB4287CFC5000C62679 /* Preview Assets.xcassets in Resources */ = {isa = PBXBuildFile; fileRef = 54CCEDB3287CFC5000C62679 /* Preview Assets.xcassets */; };
		54DF3C84288B59E000EB6C8E /* AppDelegate.swift in Sources */ = {isa = PBXBuildFile; fileRef = 54DF3C83288B59E000EB6C8E /* AppDelegate.swift */; };
		54DF3C86288B5B8800EB6C8E /* NotificationScheduler.swift in Sources */ = {isa = PBXBuildFile; fileRef = 54DF3C85288B5B8800EB6C8E /* NotificationScheduler.swift */; };
		54E3AEBB288C757F0027B393 /* DatePickerTile.swift in Sources */ = {isa = PBXBuildFile; fileRef = 54E3AEBA288C757F0027B393 /* DatePickerTile.swift */; };
		54E3AEBD288C766E0027B393 /* NoteView.swift in Sources */ = {isa = PBXBuildFile; fileRef = 54E3AEBC288C766E0027B393 /* NoteView.swift */; };
		54E3AEBF288C78E10027B393 /* TripList.swift in Sources */ = {isa = PBXBuildFile; fileRef = 54E3AEBE288C78E10027B393 /* TripList.swift */; };
		54E3AEC1288C9DBB0027B393 /* BucketList.swift in Sources */ = {isa = PBXBuildFile; fileRef = 54E3AEC0288C9DBB0027B393 /* BucketList.swift */; };
		54E3AEC3288CA0C00027B393 /* RandomDestinationView.swift in Sources */ = {isa = PBXBuildFile; fileRef = 54E3AEC2288CA0C00027B393 /* RandomDestinationView.swift */; };
		54E3AECB288CA2090027B393 /* PopularDestinationsView.swift in Sources */ = {isa = PBXBuildFile; fileRef = 54E3AECA288CA2090027B393 /* PopularDestinationsView.swift */; };
		54E3AECD288CA33D0027B393 /* PopularLocalPlacesView.swift in Sources */ = {isa = PBXBuildFile; fileRef = 54E3AECC288CA33D0027B393 /* PopularLocalPlacesView.swift */; };
		54E3AECF288CA41C0027B393 /* BackgroundAnimation.swift in Sources */ = {isa = PBXBuildFile; fileRef = 54E3AECE288CA41C0027B393 /* BackgroundAnimation.swift */; };
		54E3B48B2887235D00CCD9E7 /* LocalSearchService.swift in Sources */ = {isa = PBXBuildFile; fileRef = 54E3B48A2887235D00CCD9E7 /* LocalSearchService.swift */; };
		54E3B48D288723F600CCD9E7 /* LocalSearchData.swift in Sources */ = {isa = PBXBuildFile; fileRef = 54E3B48C288723F600CCD9E7 /* LocalSearchData.swift */; };
		54E3B491288724BC00CCD9E7 /* LocalSearchViewModel.swift in Sources */ = {isa = PBXBuildFile; fileRef = 54E3B490288724BC00CCD9E7 /* LocalSearchViewModel.swift */; };
		54F6ED4028877570008BF99B /* IsHidden.swift in Sources */ = {isa = PBXBuildFile; fileRef = 54F6ED3F28877570008BF99B /* IsHidden.swift */; };
/* End PBXBuildFile section */

/* Begin PBXFileReference section */
		541A7B1D2880A52F0052BD23 /* BucketListView.swift */ = {isa = PBXFileReference; lastKnownFileType = sourcecode.swift; path = BucketListView.swift; sourceTree = "<group>"; };
		541A7B1F2880A5700052BD23 /* BucketListDestination.swift */ = {isa = PBXFileReference; lastKnownFileType = sourcecode.swift; path = BucketListDestination.swift; sourceTree = "<group>"; };
		541A7B212880A6050052BD23 /* BucketListViewModel.swift */ = {isa = PBXFileReference; lastKnownFileType = sourcecode.swift; path = BucketListViewModel.swift; sourceTree = "<group>"; };
		541A7B272880DFD50052BD23 /* SearchBar.swift */ = {isa = PBXFileReference; lastKnownFileType = sourcecode.swift; path = SearchBar.swift; sourceTree = "<group>"; };
		541A7B292880E1170052BD23 /* EmptyListTile.swift */ = {isa = PBXFileReference; lastKnownFileType = sourcecode.swift; path = EmptyListTile.swift; sourceTree = "<group>"; };
		541A7B32288104F10052BD23 /* PlaceToVisitViewModel.swift */ = {isa = PBXFileReference; lastKnownFileType = sourcecode.swift; path = PlaceToVisitViewModel.swift; sourceTree = "<group>"; };
		541A7B34288105040052BD23 /* ThingToPackViewModel.swift */ = {isa = PBXFileReference; lastKnownFileType = sourcecode.swift; path = ThingToPackViewModel.swift; sourceTree = "<group>"; };
		541A7B36288105140052BD23 /* NotesViewModel.swift */ = {isa = PBXFileReference; lastKnownFileType = sourcecode.swift; path = NotesViewModel.swift; sourceTree = "<group>"; };
		541A7B382881331A0052BD23 /* DatesViewModel.swift */ = {isa = PBXFileReference; lastKnownFileType = sourcecode.swift; path = DatesViewModel.swift; sourceTree = "<group>"; };
		541E815C288F7863008DCFC4 /* OnboardingView.swift */ = {isa = PBXFileReference; lastKnownFileType = sourcecode.swift; path = OnboardingView.swift; sourceTree = "<group>"; };
		543DE0B32886089A00576C1B /* Coordinates.swift */ = {isa = PBXFileReference; lastKnownFileType = sourcecode.swift; path = Coordinates.swift; sourceTree = "<group>"; };
		5462B7DF2889D14800D59904 /* LocationManager.swift */ = {isa = PBXFileReference; lastKnownFileType = sourcecode.swift; path = LocationManager.swift; sourceTree = "<group>"; };
		547EC6AF288A001600593707 /* TopLocation.swift */ = {isa = PBXFileReference; lastKnownFileType = sourcecode.swift; path = TopLocation.swift; sourceTree = "<group>"; };
		547EC6B2288A00BE00593707 /* TopLocationService.swift */ = {isa = PBXFileReference; lastKnownFileType = sourcecode.swift; path = TopLocationService.swift; sourceTree = "<group>"; };
		547EC6B6288A085000593707 /* YelpService.swift */ = {isa = PBXFileReference; lastKnownFileType = sourcecode.swift; path = YelpService.swift; sourceTree = "<group>"; };
		547EC6B8288A0F5900593707 /* Business.swift */ = {isa = PBXFileReference; lastKnownFileType = sourcecode.swift; path = Business.swift; sourceTree = "<group>"; };
		5483C58A28838356005E5167 /* ButtonLabel.swift */ = {isa = PBXFileReference; lastKnownFileType = sourcecode.swift; path = ButtonLabel.swift; sourceTree = "<group>"; };
		5483C58C28838C2B005E5167 /* SupportEmail.swift */ = {isa = PBXFileReference; lastKnownFileType = sourcecode.swift; path = SupportEmail.swift; sourceTree = "<group>"; };
		5483C58E28838DE1005E5167 /* AppBundle+Extensions.swift */ = {isa = PBXFileReference; lastKnownFileType = sourcecode.swift; path = "AppBundle+Extensions.swift"; sourceTree = "<group>"; };
		5485EB1C2888634D00A1B608 /* HomeView.swift */ = {isa = PBXFileReference; lastKnownFileType = sourcecode.swift; path = HomeView.swift; sourceTree = "<group>"; };
		5485EB1F2888ADF700A1B608 /* RandomDestinationService.swift */ = {isa = PBXFileReference; lastKnownFileType = sourcecode.swift; path = RandomDestinationService.swift; sourceTree = "<group>"; };
		5485EB212888AE1900A1B608 /* RandomDestination.swift */ = {isa = PBXFileReference; lastKnownFileType = sourcecode.swift; path = RandomDestination.swift; sourceTree = "<group>"; };
		5485EB232888AF0100A1B608 /* NetworkError.swift */ = {isa = PBXFileReference; lastKnownFileType = sourcecode.swift; path = NetworkError.swift; sourceTree = "<group>"; };
		549184FB287E1A2000A22F5C /* Trip.swift */ = {isa = PBXFileReference; lastKnownFileType = sourcecode.swift; path = Trip.swift; sourceTree = "<group>"; };
		549184FD287E234800A22F5C /* TripListViewModel.swift */ = {isa = PBXFileReference; lastKnownFileType = sourcecode.swift; path = TripListViewModel.swift; sourceTree = "<group>"; };
		549184FF287E29BA00A22F5C /* TripListView.swift */ = {isa = PBXFileReference; lastKnownFileType = sourcecode.swift; path = TripListView.swift; sourceTree = "<group>"; };
		54918501287E417800A22F5C /* Place.swift */ = {isa = PBXFileReference; lastKnownFileType = sourcecode.swift; path = Place.swift; sourceTree = "<group>"; };
		54918503287E41B500A22F5C /* ThingToPack.swift */ = {isa = PBXFileReference; lastKnownFileType = sourcecode.swift; path = ThingToPack.swift; sourceTree = "<group>"; };
		549E6DEF287F74A100085BDA /* CitySearchService.swift */ = {isa = PBXFileReference; lastKnownFileType = sourcecode.swift; path = CitySearchService.swift; sourceTree = "<group>"; };
		549E6DF1287F74F600085BDA /* City.swift */ = {isa = PBXFileReference; lastKnownFileType = sourcecode.swift; path = City.swift; sourceTree = "<group>"; };
		549E6DF3287F7D9500085BDA /* CityListViewModel.swift */ = {isa = PBXFileReference; lastKnownFileType = sourcecode.swift; path = CityListViewModel.swift; sourceTree = "<group>"; };
		549E6DF5287FA24100085BDA /* TripDetailView.swift */ = {isa = PBXFileReference; lastKnownFileType = sourcecode.swift; path = TripDetailView.swift; sourceTree = "<group>"; };
		549E6DF7287FB07C00085BDA /* AppTabBarView.swift */ = {isa = PBXFileReference; lastKnownFileType = sourcecode.swift; path = AppTabBarView.swift; sourceTree = "<group>"; };
		549E6DF9287FB18600085BDA /* UserProfileView.swift */ = {isa = PBXFileReference; lastKnownFileType = sourcecode.swift; path = UserProfileView.swift; sourceTree = "<group>"; };
		54A3EAFC28822F4100A3D1AE /* ShareSheet.swift */ = {isa = PBXFileReference; lastKnownFileType = sourcecode.swift; path = ShareSheet.swift; sourceTree = "<group>"; };
		54CCEDA9287CFC4E00C62679 /* TravelPlanner.app */ = {isa = PBXFileReference; explicitFileType = wrapper.application; includeInIndex = 0; path = TravelPlanner.app; sourceTree = BUILT_PRODUCTS_DIR; };
		54CCEDAC287CFC4E00C62679 /* TravelPlannerApp.swift */ = {isa = PBXFileReference; lastKnownFileType = sourcecode.swift; path = TravelPlannerApp.swift; sourceTree = "<group>"; };
		54CCEDB0287CFC5000C62679 /* Assets.xcassets */ = {isa = PBXFileReference; lastKnownFileType = folder.assetcatalog; path = Assets.xcassets; sourceTree = "<group>"; };
		54CCEDB3287CFC5000C62679 /* Preview Assets.xcassets */ = {isa = PBXFileReference; lastKnownFileType = folder.assetcatalog; path = "Preview Assets.xcassets"; sourceTree = "<group>"; };
		54DF3C83288B59E000EB6C8E /* AppDelegate.swift */ = {isa = PBXFileReference; lastKnownFileType = sourcecode.swift; path = AppDelegate.swift; sourceTree = "<group>"; };
		54DF3C85288B5B8800EB6C8E /* NotificationScheduler.swift */ = {isa = PBXFileReference; lastKnownFileType = sourcecode.swift; path = NotificationScheduler.swift; sourceTree = "<group>"; };
		54E3AEBA288C757F0027B393 /* DatePickerTile.swift */ = {isa = PBXFileReference; lastKnownFileType = sourcecode.swift; path = DatePickerTile.swift; sourceTree = "<group>"; };
		54E3AEBC288C766E0027B393 /* NoteView.swift */ = {isa = PBXFileReference; lastKnownFileType = sourcecode.swift; path = NoteView.swift; sourceTree = "<group>"; };
		54E3AEBE288C78E10027B393 /* TripList.swift */ = {isa = PBXFileReference; lastKnownFileType = sourcecode.swift; path = TripList.swift; sourceTree = "<group>"; };
		54E3AEC0288C9DBB0027B393 /* BucketList.swift */ = {isa = PBXFileReference; lastKnownFileType = sourcecode.swift; path = BucketList.swift; sourceTree = "<group>"; };
		54E3AEC2288CA0C00027B393 /* RandomDestinationView.swift */ = {isa = PBXFileReference; lastKnownFileType = sourcecode.swift; path = RandomDestinationView.swift; sourceTree = "<group>"; };
		54E3AECA288CA2090027B393 /* PopularDestinationsView.swift */ = {isa = PBXFileReference; lastKnownFileType = sourcecode.swift; path = PopularDestinationsView.swift; sourceTree = "<group>"; };
		54E3AECC288CA33D0027B393 /* PopularLocalPlacesView.swift */ = {isa = PBXFileReference; lastKnownFileType = sourcecode.swift; path = PopularLocalPlacesView.swift; sourceTree = "<group>"; };
		54E3AECE288CA41C0027B393 /* BackgroundAnimation.swift */ = {isa = PBXFileReference; lastKnownFileType = sourcecode.swift; path = BackgroundAnimation.swift; sourceTree = "<group>"; };
		54E3B48A2887235D00CCD9E7 /* LocalSearchService.swift */ = {isa = PBXFileReference; lastKnownFileType = sourcecode.swift; path = LocalSearchService.swift; sourceTree = "<group>"; };
		54E3B48C288723F600CCD9E7 /* LocalSearchData.swift */ = {isa = PBXFileReference; lastKnownFileType = sourcecode.swift; path = LocalSearchData.swift; sourceTree = "<group>"; };
		54E3B490288724BC00CCD9E7 /* LocalSearchViewModel.swift */ = {isa = PBXFileReference; lastKnownFileType = sourcecode.swift; path = LocalSearchViewModel.swift; sourceTree = "<group>"; };
		54F6ED3F28877570008BF99B /* IsHidden.swift */ = {isa = PBXFileReference; lastKnownFileType = sourcecode.swift; path = IsHidden.swift; sourceTree = "<group>"; };
/* End PBXFileReference section */

/* Begin PBXFrameworksBuildPhase section */
		54CCEDA6287CFC4E00C62679 /* Frameworks */ = {
			isa = PBXFrameworksBuildPhase;
			buildActionMask = 2147483647;
			files = (
			);
			runOnlyForDeploymentPostprocessing = 0;
		};
/* End PBXFrameworksBuildPhase section */

/* Begin PBXGroup section */
		541A7B232880DF3D0052BD23 /* Networking */ = {
			isa = PBXGroup;
			children = (
				547EC6B1288A009700593707 /* HomePageData */,
				54E3B48F2887240600CCD9E7 /* MapLocalSearch */,
				54E3B48E288723FB00CCD9E7 /* CitySearch */,
				5485EB232888AF0100A1B608 /* NetworkError.swift */,
			);
			path = Networking;
			sourceTree = "<group>";
		};
		541A7B252880DF720052BD23 /* TripListView */ = {
			isa = PBXGroup;
			children = (
				549184FD287E234800A22F5C /* TripListViewModel.swift */,
				549184FF287E29BA00A22F5C /* TripListView.swift */,
			);
			path = TripListView;
			sourceTree = "<group>";
		};
		541A7B262880DFC00052BD23 /* Helpers&Extensions */ = {
			isa = PBXGroup;
			children = (
				5462B7DC2889C54500D59904 /* HelperFunctions */,
				5462B7DB2889C51200D59904 /* HelperViews */,
			);
			path = "Helpers&Extensions";
			sourceTree = "<group>";
		};
		541A7B2D2880FC420052BD23 /* TabBarView */ = {
			isa = PBXGroup;
			children = (
				549E6DF7287FB07C00085BDA /* AppTabBarView.swift */,
			);
			path = TabBarView;
			sourceTree = "<group>";
		};
		541A7B2E2880FC5A0052BD23 /* BucketListView */ = {
			isa = PBXGroup;
			children = (
				541A7B212880A6050052BD23 /* BucketListViewModel.swift */,
				541A7B1D2880A52F0052BD23 /* BucketListView.swift */,
			);
			path = BucketListView;
			sourceTree = "<group>";
		};
		541A7B302880FCA20052BD23 /* UserProfileView */ = {
			isa = PBXGroup;
			children = (
				549E6DF9287FB18600085BDA /* UserProfileView.swift */,
			);
			path = UserProfileView;
			sourceTree = "<group>";
		};
		541A7B312880FCAF0052BD23 /* TripDetailView */ = {
			isa = PBXGroup;
			children = (
				549E6DF5287FA24100085BDA /* TripDetailView.swift */,
				541A7B32288104F10052BD23 /* PlaceToVisitViewModel.swift */,
				541A7B34288105040052BD23 /* ThingToPackViewModel.swift */,
				541A7B36288105140052BD23 /* NotesViewModel.swift */,
				541A7B382881331A0052BD23 /* DatesViewModel.swift */,
			);
			path = TripDetailView;
			sourceTree = "<group>";
		};
		541E815B288F7810008DCFC4 /* OnboardingView */ = {
			isa = PBXGroup;
			children = (
				541E815C288F7863008DCFC4 /* OnboardingView.swift */,
			);
			path = OnboardingView;
			sourceTree = "<group>";
		};
		5462B7DB2889C51200D59904 /* HelperViews */ = {
			isa = PBXGroup;
			children = (
				54E3AEC9288CA10A0027B393 /* ReusableViews */,
				54E3AEC8288CA1000027B393 /* UserProfileView */,
				54E3AEC7288CA0EF0027B393 /* TripDetailsView */,
				54E3AEC6288CA0E30027B393 /* BucketListView */,
				54E3AEC5288CA0D60027B393 /* TripListView */,
				54E3AEC4288CA0C40027B393 /* HomeView */,
			);
			path = HelperViews;
			sourceTree = "<group>";
		};
		5462B7DC2889C54500D59904 /* HelperFunctions */ = {
			isa = PBXGroup;
			children = (
				5483C58E28838DE1005E5167 /* AppBundle+Extensions.swift */,
				54F6ED3F28877570008BF99B /* IsHidden.swift */,
				5462B7DF2889D14800D59904 /* LocationManager.swift */,
			);
			path = HelperFunctions;
			sourceTree = "<group>";
		};
		547EC6B1288A009700593707 /* HomePageData */ = {
			isa = PBXGroup;
			children = (
				5485EB1F2888ADF700A1B608 /* RandomDestinationService.swift */,
				547EC6B2288A00BE00593707 /* TopLocationService.swift */,
				547EC6B6288A085000593707 /* YelpService.swift */,
			);
			path = HomePageData;
			sourceTree = "<group>";
		};
		5485EB1B2888633200A1B608 /* HomeView */ = {
			isa = PBXGroup;
			children = (
				5485EB1C2888634D00A1B608 /* HomeView.swift */,
			);
			path = HomeView;
			sourceTree = "<group>";
		};
		549184F7287E15E700A22F5C /* Resources */ = {
			isa = PBXGroup;
			children = (
				54CCEDB0287CFC5000C62679 /* Assets.xcassets */,
				54CCEDB2287CFC5000C62679 /* Preview Content */,
			);
			path = Resources;
			sourceTree = "<group>";
		};
		549184F8287E164600A22F5C /* Models */ = {
			isa = PBXGroup;
			children = (
				549E6DF1287F74F600085BDA /* City.swift */,
				54E3B48C288723F600CCD9E7 /* LocalSearchData.swift */,
				54918501287E417800A22F5C /* Place.swift */,
				549184FB287E1A2000A22F5C /* Trip.swift */,
				54918503287E41B500A22F5C /* ThingToPack.swift */,
				541A7B1F2880A5700052BD23 /* BucketListDestination.swift */,
				5483C58C28838C2B005E5167 /* SupportEmail.swift */,
				543DE0B32886089A00576C1B /* Coordinates.swift */,
				5485EB212888AE1900A1B608 /* RandomDestination.swift */,
				547EC6AF288A001600593707 /* TopLocation.swift */,
				547EC6B8288A0F5900593707 /* Business.swift */,
			);
			path = Models;
			sourceTree = "<group>";
		};
		549184FA287E165000A22F5C /* Views */ = {
			isa = PBXGroup;
			children = (
				541E815B288F7810008DCFC4 /* OnboardingView */,
				541A7B2E2880FC5A0052BD23 /* BucketListView */,
				5485EB1B2888633200A1B608 /* HomeView */,
				541A7B312880FCAF0052BD23 /* TripDetailView */,
				541A7B302880FCA20052BD23 /* UserProfileView */,
				541A7B2D2880FC420052BD23 /* TabBarView */,
				541A7B252880DF720052BD23 /* TripListView */,
			);
			path = Views;
			sourceTree = "<group>";
		};
		54CCEDA0287CFC4E00C62679 = {
			isa = PBXGroup;
			children = (
				54CCEDAB287CFC4E00C62679 /* TravelPlanner */,
				54CCEDAA287CFC4E00C62679 /* Products */,
			);
			sourceTree = "<group>";
		};
		54CCEDAA287CFC4E00C62679 /* Products */ = {
			isa = PBXGroup;
			children = (
				54CCEDA9287CFC4E00C62679 /* TravelPlanner.app */,
			);
			name = Products;
			sourceTree = "<group>";
		};
		54CCEDAB287CFC4E00C62679 /* TravelPlanner */ = {
			isa = PBXGroup;
			children = (
				54CCEDAC287CFC4E00C62679 /* TravelPlannerApp.swift */,
				549184F8287E164600A22F5C /* Models */,
				549184FA287E165000A22F5C /* Views */,
				541A7B232880DF3D0052BD23 /* Networking */,
				54DF3C82288B59CB00EB6C8E /* Notifications */,
				541A7B262880DFC00052BD23 /* Helpers&Extensions */,
				549184F7287E15E700A22F5C /* Resources */,
			);
			path = TravelPlanner;
			sourceTree = "<group>";
		};
		54CCEDB2287CFC5000C62679 /* Preview Content */ = {
			isa = PBXGroup;
			children = (
				54CCEDB3287CFC5000C62679 /* Preview Assets.xcassets */,
			);
			path = "Preview Content";
			sourceTree = "<group>";
		};
		54DF3C82288B59CB00EB6C8E /* Notifications */ = {
			isa = PBXGroup;
			children = (
				54DF3C83288B59E000EB6C8E /* AppDelegate.swift */,
				54DF3C85288B5B8800EB6C8E /* NotificationScheduler.swift */,
			);
			path = Notifications;
			sourceTree = "<group>";
		};
		54E3AEC4288CA0C40027B393 /* HomeView */ = {
			isa = PBXGroup;
			children = (
				54E3AEC2288CA0C00027B393 /* RandomDestinationView.swift */,
				54E3AECA288CA2090027B393 /* PopularDestinationsView.swift */,
				54E3AECC288CA33D0027B393 /* PopularLocalPlacesView.swift */,
				54E3AECE288CA41C0027B393 /* BackgroundAnimation.swift */,
			);
			path = HomeView;
			sourceTree = "<group>";
		};
		54E3AEC5288CA0D60027B393 /* TripListView */ = {
			isa = PBXGroup;
			children = (
				54E3AEBE288C78E10027B393 /* TripList.swift */,
			);
			path = TripListView;
			sourceTree = "<group>";
		};
		54E3AEC6288CA0E30027B393 /* BucketListView */ = {
			isa = PBXGroup;
			children = (
				54E3AEC0288C9DBB0027B393 /* BucketList.swift */,
			);
			path = BucketListView;
			sourceTree = "<group>";
		};
		54E3AEC7288CA0EF0027B393 /* TripDetailsView */ = {
			isa = PBXGroup;
			children = (
				54E3AEBA288C757F0027B393 /* DatePickerTile.swift */,
				54E3AEBC288C766E0027B393 /* NoteView.swift */,
			);
			path = TripDetailsView;
			sourceTree = "<group>";
		};
		54E3AEC8288CA1000027B393 /* UserProfileView */ = {
			isa = PBXGroup;
			children = (
				54A3EAFC28822F4100A3D1AE /* ShareSheet.swift */,
			);
			path = UserProfileView;
			sourceTree = "<group>";
		};
		54E3AEC9288CA10A0027B393 /* ReusableViews */ = {
			isa = PBXGroup;
			children = (
				541A7B292880E1170052BD23 /* EmptyListTile.swift */,
				541A7B272880DFD50052BD23 /* SearchBar.swift */,
				5483C58A28838356005E5167 /* ButtonLabel.swift */,
			);
			path = ReusableViews;
			sourceTree = "<group>";
		};
		54E3B48E288723FB00CCD9E7 /* CitySearch */ = {
			isa = PBXGroup;
			children = (
				549E6DEF287F74A100085BDA /* CitySearchService.swift */,
				549E6DF3287F7D9500085BDA /* CityListViewModel.swift */,
			);
			path = CitySearch;
			sourceTree = "<group>";
		};
		54E3B48F2887240600CCD9E7 /* MapLocalSearch */ = {
			isa = PBXGroup;
			children = (
				54E3B48A2887235D00CCD9E7 /* LocalSearchService.swift */,
				54E3B490288724BC00CCD9E7 /* LocalSearchViewModel.swift */,
			);
			path = MapLocalSearch;
			sourceTree = "<group>";
		};
/* End PBXGroup section */

/* Begin PBXNativeTarget section */
		54CCEDA8287CFC4E00C62679 /* TravelPlanner */ = {
			isa = PBXNativeTarget;
			buildConfigurationList = 54CCEDB7287CFC5000C62679 /* Build configuration list for PBXNativeTarget "TravelPlanner" */;
			buildPhases = (
				54CCEDA5287CFC4E00C62679 /* Sources */,
				54CCEDA6287CFC4E00C62679 /* Frameworks */,
				54CCEDA7287CFC4E00C62679 /* Resources */,
			);
			buildRules = (
			);
			dependencies = (
			);
			name = TravelPlanner;
			packageProductDependencies = (
			);
			productName = TravelPlanner;
			productReference = 54CCEDA9287CFC4E00C62679 /* TravelPlanner.app */;
			productType = "com.apple.product-type.application";
		};
/* End PBXNativeTarget section */

/* Begin PBXProject section */
		54CCEDA1287CFC4E00C62679 /* Project object */ = {
			isa = PBXProject;
			attributes = {
				BuildIndependentTargetsInParallel = 1;
				LastSwiftUpdateCheck = 1340;
				LastUpgradeCheck = 1340;
				TargetAttributes = {
					54CCEDA8287CFC4E00C62679 = {
						CreatedOnToolsVersion = 13.4.1;
					};
				};
			};
			buildConfigurationList = 54CCEDA4287CFC4E00C62679 /* Build configuration list for PBXProject "TravelPlanner" */;
			compatibilityVersion = "Xcode 13.0";
			developmentRegion = en;
			hasScannedForEncodings = 0;
			knownRegions = (
				en,
				Base,
			);
			mainGroup = 54CCEDA0287CFC4E00C62679;
			packageReferences = (
			);
			productRefGroup = 54CCEDAA287CFC4E00C62679 /* Products */;
			projectDirPath = "";
			projectRoot = "";
			targets = (
				54CCEDA8287CFC4E00C62679 /* TravelPlanner */,
			);
		};
/* End PBXProject section */

/* Begin PBXResourcesBuildPhase section */
		54CCEDA7287CFC4E00C62679 /* Resources */ = {
			isa = PBXResourcesBuildPhase;
			buildActionMask = 2147483647;
			files = (
				54CCEDB4287CFC5000C62679 /* Preview Assets.xcassets in Resources */,
				54CCEDB1287CFC5000C62679 /* Assets.xcassets in Resources */,
			);
			runOnlyForDeploymentPostprocessing = 0;
		};
/* End PBXResourcesBuildPhase section */

/* Begin PBXSourcesBuildPhase section */
		54CCEDA5287CFC4E00C62679 /* Sources */ = {
			isa = PBXSourcesBuildPhase;
			buildActionMask = 2147483647;
			files = (
				549E6DF8287FB07C00085BDA /* AppTabBarView.swift in Sources */,
				541A7B33288104F10052BD23 /* PlaceToVisitViewModel.swift in Sources */,
				54E3AEC3288CA0C00027B393 /* RandomDestinationView.swift in Sources */,
				54E3AEC1288C9DBB0027B393 /* BucketList.swift in Sources */,
				5483C58D28838C2B005E5167 /* SupportEmail.swift in Sources */,
				54F6ED4028877570008BF99B /* IsHidden.swift in Sources */,
				549E6DF6287FA24100085BDA /* TripDetailView.swift in Sources */,
				549184FC287E1A2000A22F5C /* Trip.swift in Sources */,
				54E3AECD288CA33D0027B393 /* PopularLocalPlacesView.swift in Sources */,
				549184FE287E234800A22F5C /* TripListViewModel.swift in Sources */,
				549E6DF0287F74A100085BDA /* CitySearchService.swift in Sources */,
				54DF3C84288B59E000EB6C8E /* AppDelegate.swift in Sources */,
				54E3AEBD288C766E0027B393 /* NoteView.swift in Sources */,
				54E3B48B2887235D00CCD9E7 /* LocalSearchService.swift in Sources */,
				5483C58B28838356005E5167 /* ButtonLabel.swift in Sources */,
				541A7B282880DFD50052BD23 /* SearchBar.swift in Sources */,
				543DE0B42886089A00576C1B /* Coordinates.swift in Sources */,
				541A7B222880A6050052BD23 /* BucketListViewModel.swift in Sources */,
				541A7B1E2880A52F0052BD23 /* BucketListView.swift in Sources */,
				549E6DF4287F7D9500085BDA /* CityListViewModel.swift in Sources */,
				54CCEDAD287CFC4E00C62679 /* TravelPlannerApp.swift in Sources */,
				5485EB1D2888634D00A1B608 /* HomeView.swift in Sources */,
				5462B7E02889D14800D59904 /* LocationManager.swift in Sources */,
				5485EB242888AF0100A1B608 /* NetworkError.swift in Sources */,
				541A7B2A2880E1170052BD23 /* EmptyListTile.swift in Sources */,
				541A7B202880A5700052BD23 /* BucketListDestination.swift in Sources */,
				5485EB222888AE1900A1B608 /* RandomDestination.swift in Sources */,
				541A7B35288105040052BD23 /* ThingToPackViewModel.swift in Sources */,
				54E3B48D288723F600CCD9E7 /* LocalSearchData.swift in Sources */,
				54DF3C86288B5B8800EB6C8E /* NotificationScheduler.swift in Sources */,
				547EC6B0288A001600593707 /* TopLocation.swift in Sources */,
				541A7B392881331A0052BD23 /* DatesViewModel.swift in Sources */,
				549E6DFA287FB18600085BDA /* UserProfileView.swift in Sources */,
				547EC6B9288A0F5900593707 /* Business.swift in Sources */,
				5483C58F28838DE1005E5167 /* AppBundle+Extensions.swift in Sources */,
				54E3AEBF288C78E10027B393 /* TripList.swift in Sources */,
				54E3B491288724BC00CCD9E7 /* LocalSearchViewModel.swift in Sources */,
				547EC6B7288A085000593707 /* YelpService.swift in Sources */,
				54E3AECB288CA2090027B393 /* PopularDestinationsView.swift in Sources */,
				54918500287E29BB00A22F5C /* TripListView.swift in Sources */,
				541A7B37288105140052BD23 /* NotesViewModel.swift in Sources */,
				54918504287E41B500A22F5C /* ThingToPack.swift in Sources */,
				549E6DF2287F74F600085BDA /* City.swift in Sources */,
				541E815D288F7863008DCFC4 /* OnboardingView.swift in Sources */,
				54E3AECF288CA41C0027B393 /* BackgroundAnimation.swift in Sources */,
				5485EB202888ADF700A1B608 /* RandomDestinationService.swift in Sources */,
				547EC6B3288A00BE00593707 /* TopLocationService.swift in Sources */,
				54E3AEBB288C757F0027B393 /* DatePickerTile.swift in Sources */,
				54918502287E417800A22F5C /* Place.swift in Sources */,
				54A3EAFD28822F4100A3D1AE /* ShareSheet.swift in Sources */,
			);
			runOnlyForDeploymentPostprocessing = 0;
		};
/* End PBXSourcesBuildPhase section */

/* Begin XCBuildConfiguration section */
		54CCEDB5287CFC5000C62679 /* Debug */ = {
			isa = XCBuildConfiguration;
			buildSettings = {
				ALWAYS_SEARCH_USER_PATHS = NO;
				CLANG_ANALYZER_NONNULL = YES;
				CLANG_ANALYZER_NUMBER_OBJECT_CONVERSION = YES_AGGRESSIVE;
				CLANG_CXX_LANGUAGE_STANDARD = "gnu++17";
				CLANG_ENABLE_MODULES = YES;
				CLANG_ENABLE_OBJC_ARC = YES;
				CLANG_ENABLE_OBJC_WEAK = YES;
				CLANG_WARN_BLOCK_CAPTURE_AUTORELEASING = YES;
				CLANG_WARN_BOOL_CONVERSION = YES;
				CLANG_WARN_COMMA = YES;
				CLANG_WARN_CONSTANT_CONVERSION = YES;
				CLANG_WARN_DEPRECATED_OBJC_IMPLEMENTATIONS = YES;
				CLANG_WARN_DIRECT_OBJC_ISA_USAGE = YES_ERROR;
				CLANG_WARN_DOCUMENTATION_COMMENTS = YES;
				CLANG_WARN_EMPTY_BODY = YES;
				CLANG_WARN_ENUM_CONVERSION = YES;
				CLANG_WARN_INFINITE_RECURSION = YES;
				CLANG_WARN_INT_CONVERSION = YES;
				CLANG_WARN_NON_LITERAL_NULL_CONVERSION = YES;
				CLANG_WARN_OBJC_IMPLICIT_RETAIN_SELF = YES;
				CLANG_WARN_OBJC_LITERAL_CONVERSION = YES;
				CLANG_WARN_OBJC_ROOT_CLASS = YES_ERROR;
				CLANG_WARN_QUOTED_INCLUDE_IN_FRAMEWORK_HEADER = YES;
				CLANG_WARN_RANGE_LOOP_ANALYSIS = YES;
				CLANG_WARN_STRICT_PROTOTYPES = YES;
				CLANG_WARN_SUSPICIOUS_MOVE = YES;
				CLANG_WARN_UNGUARDED_AVAILABILITY = YES_AGGRESSIVE;
				CLANG_WARN_UNREACHABLE_CODE = YES;
				CLANG_WARN__DUPLICATE_METHOD_MATCH = YES;
				COPY_PHASE_STRIP = NO;
				DEBUG_INFORMATION_FORMAT = dwarf;
				ENABLE_STRICT_OBJC_MSGSEND = YES;
				ENABLE_TESTABILITY = YES;
				GCC_C_LANGUAGE_STANDARD = gnu11;
				GCC_DYNAMIC_NO_PIC = NO;
				GCC_NO_COMMON_BLOCKS = YES;
				GCC_OPTIMIZATION_LEVEL = 0;
				GCC_PREPROCESSOR_DEFINITIONS = (
					"DEBUG=1",
					"$(inherited)",
				);
				GCC_WARN_64_TO_32_BIT_CONVERSION = YES;
				GCC_WARN_ABOUT_RETURN_TYPE = YES_ERROR;
				GCC_WARN_UNDECLARED_SELECTOR = YES;
				GCC_WARN_UNINITIALIZED_AUTOS = YES_AGGRESSIVE;
				GCC_WARN_UNUSED_FUNCTION = YES;
				GCC_WARN_UNUSED_VARIABLE = YES;
				IPHONEOS_DEPLOYMENT_TARGET = 15.5;
				MTL_ENABLE_DEBUG_INFO = INCLUDE_SOURCE;
				MTL_FAST_MATH = YES;
				ONLY_ACTIVE_ARCH = YES;
				SDKROOT = iphoneos;
				SWIFT_ACTIVE_COMPILATION_CONDITIONS = DEBUG;
				SWIFT_OPTIMIZATION_LEVEL = "-Onone";
			};
			name = Debug;
		};
		54CCEDB6287CFC5000C62679 /* Release */ = {
			isa = XCBuildConfiguration;
			buildSettings = {
				ALWAYS_SEARCH_USER_PATHS = NO;
				CLANG_ANALYZER_NONNULL = YES;
				CLANG_ANALYZER_NUMBER_OBJECT_CONVERSION = YES_AGGRESSIVE;
				CLANG_CXX_LANGUAGE_STANDARD = "gnu++17";
				CLANG_ENABLE_MODULES = YES;
				CLANG_ENABLE_OBJC_ARC = YES;
				CLANG_ENABLE_OBJC_WEAK = YES;
				CLANG_WARN_BLOCK_CAPTURE_AUTORELEASING = YES;
				CLANG_WARN_BOOL_CONVERSION = YES;
				CLANG_WARN_COMMA = YES;
				CLANG_WARN_CONSTANT_CONVERSION = YES;
				CLANG_WARN_DEPRECATED_OBJC_IMPLEMENTATIONS = YES;
				CLANG_WARN_DIRECT_OBJC_ISA_USAGE = YES_ERROR;
				CLANG_WARN_DOCUMENTATION_COMMENTS = YES;
				CLANG_WARN_EMPTY_BODY = YES;
				CLANG_WARN_ENUM_CONVERSION = YES;
				CLANG_WARN_INFINITE_RECURSION = YES;
				CLANG_WARN_INT_CONVERSION = YES;
				CLANG_WARN_NON_LITERAL_NULL_CONVERSION = YES;
				CLANG_WARN_OBJC_IMPLICIT_RETAIN_SELF = YES;
				CLANG_WARN_OBJC_LITERAL_CONVERSION = YES;
				CLANG_WARN_OBJC_ROOT_CLASS = YES_ERROR;
				CLANG_WARN_QUOTED_INCLUDE_IN_FRAMEWORK_HEADER = YES;
				CLANG_WARN_RANGE_LOOP_ANALYSIS = YES;
				CLANG_WARN_STRICT_PROTOTYPES = YES;
				CLANG_WARN_SUSPICIOUS_MOVE = YES;
				CLANG_WARN_UNGUARDED_AVAILABILITY = YES_AGGRESSIVE;
				CLANG_WARN_UNREACHABLE_CODE = YES;
				CLANG_WARN__DUPLICATE_METHOD_MATCH = YES;
				COPY_PHASE_STRIP = NO;
				DEBUG_INFORMATION_FORMAT = "dwarf-with-dsym";
				ENABLE_NS_ASSERTIONS = NO;
				ENABLE_STRICT_OBJC_MSGSEND = YES;
				GCC_C_LANGUAGE_STANDARD = gnu11;
				GCC_NO_COMMON_BLOCKS = YES;
				GCC_WARN_64_TO_32_BIT_CONVERSION = YES;
				GCC_WARN_ABOUT_RETURN_TYPE = YES_ERROR;
				GCC_WARN_UNDECLARED_SELECTOR = YES;
				GCC_WARN_UNINITIALIZED_AUTOS = YES_AGGRESSIVE;
				GCC_WARN_UNUSED_FUNCTION = YES;
				GCC_WARN_UNUSED_VARIABLE = YES;
				IPHONEOS_DEPLOYMENT_TARGET = 15.5;
				MTL_ENABLE_DEBUG_INFO = NO;
				MTL_FAST_MATH = YES;
				SDKROOT = iphoneos;
				SWIFT_COMPILATION_MODE = wholemodule;
				SWIFT_OPTIMIZATION_LEVEL = "-O";
				VALIDATE_PRODUCT = YES;
			};
			name = Release;
		};
		54CCEDB8287CFC5000C62679 /* Debug */ = {
			isa = XCBuildConfiguration;
			buildSettings = {
				ASSETCATALOG_COMPILER_APPICON_NAME = AppIcon;
				ASSETCATALOG_COMPILER_GLOBAL_ACCENT_COLOR_NAME = AccentColor;
				CODE_SIGN_STYLE = Automatic;
				CURRENT_PROJECT_VERSION = 1;
				DEVELOPMENT_ASSET_PATHS = "\"TravelPlanner/Resources/Preview Content\"";
				DEVELOPMENT_TEAM = QAY6XTDMYU;
				ENABLE_PREVIEWS = YES;
				GENERATE_INFOPLIST_FILE = YES;
				INFOPLIST_KEY_NSLocationWhenInUseUsageDescription = "This app needs your location to see travel places near you";
				INFOPLIST_KEY_UIApplicationSceneManifest_Generation = YES;
				INFOPLIST_KEY_UIApplicationSupportsIndirectInputEvents = YES;
				INFOPLIST_KEY_UILaunchScreen_Generation = YES;
				INFOPLIST_KEY_UISupportedInterfaceOrientations_iPad = "UIInterfaceOrientationPortrait UIInterfaceOrientationPortraitUpsideDown UIInterfaceOrientationLandscapeLeft UIInterfaceOrientationLandscapeRight";
				INFOPLIST_KEY_UISupportedInterfaceOrientations_iPhone = "UIInterfaceOrientationPortrait UIInterfaceOrientationLandscapeLeft UIInterfaceOrientationLandscapeRight";
				LD_RUNPATH_SEARCH_PATHS = (
					"$(inherited)",
					"@executable_path/Frameworks",
				);
				MARKETING_VERSION = 1.0;
				PRODUCT_BUNDLE_IDENTIFIER = com.neverwinter9.TravelPlanner;
				PRODUCT_NAME = "$(TARGET_NAME)";
				SWIFT_EMIT_LOC_STRINGS = YES;
				SWIFT_VERSION = 5.0;
				TARGETED_DEVICE_FAMILY = "1,2";
			};
			name = Debug;
		};
		54CCEDB9287CFC5000C62679 /* Release */ = {
			isa = XCBuildConfiguration;
			buildSettings = {
				ASSETCATALOG_COMPILER_APPICON_NAME = AppIcon;
				ASSETCATALOG_COMPILER_GLOBAL_ACCENT_COLOR_NAME = AccentColor;
				CODE_SIGN_STYLE = Automatic;
				CURRENT_PROJECT_VERSION = 1;
				DEVELOPMENT_ASSET_PATHS = "\"TravelPlanner/Resources/Preview Content\"";
				DEVELOPMENT_TEAM = QAY6XTDMYU;
				ENABLE_PREVIEWS = YES;
				GENERATE_INFOPLIST_FILE = YES;
				INFOPLIST_KEY_NSLocationWhenInUseUsageDescription = "This app needs your location to see travel places near you";
				INFOPLIST_KEY_UIApplicationSceneManifest_Generation = YES;
				INFOPLIST_KEY_UIApplicationSupportsIndirectInputEvents = YES;
				INFOPLIST_KEY_UILaunchScreen_Generation = YES;
				INFOPLIST_KEY_UISupportedInterfaceOrientations_iPad = "UIInterfaceOrientationPortrait UIInterfaceOrientationPortraitUpsideDown UIInterfaceOrientationLandscapeLeft UIInterfaceOrientationLandscapeRight";
				INFOPLIST_KEY_UISupportedInterfaceOrientations_iPhone = "UIInterfaceOrientationPortrait UIInterfaceOrientationLandscapeLeft UIInterfaceOrientationLandscapeRight";
				LD_RUNPATH_SEARCH_PATHS = (
					"$(inherited)",
					"@executable_path/Frameworks",
				);
				MARKETING_VERSION = 1.0;
				PRODUCT_BUNDLE_IDENTIFIER = com.neverwinter9.TravelPlanner;
				PRODUCT_NAME = "$(TARGET_NAME)";
				SWIFT_EMIT_LOC_STRINGS = YES;
				SWIFT_VERSION = 5.0;
				TARGETED_DEVICE_FAMILY = "1,2";
			};
			name = Release;
		};
/* End XCBuildConfiguration section */

/* Begin XCConfigurationList section */
		54CCEDA4287CFC4E00C62679 /* Build configuration list for PBXProject "TravelPlanner" */ = {
			isa = XCConfigurationList;
			buildConfigurations = (
				54CCEDB5287CFC5000C62679 /* Debug */,
				54CCEDB6287CFC5000C62679 /* Release */,
			);
			defaultConfigurationIsVisible = 0;
			defaultConfigurationName = Release;
		};
		54CCEDB7287CFC5000C62679 /* Build configuration list for PBXNativeTarget "TravelPlanner" */ = {
			isa = XCConfigurationList;
			buildConfigurations = (
				54CCEDB8287CFC5000C62679 /* Debug */,
				54CCEDB9287CFC5000C62679 /* Release */,
			);
			defaultConfigurationIsVisible = 0;
			defaultConfigurationName = Release;
		};
/* End XCConfigurationList section */
	};
	rootObject = 54CCEDA1287CFC4E00C62679 /* Project object */;
}
