// !$*UTF8*$!
{
	archiveVersion = 1;
	classes = {
	};
	objectVersion = 55;
	objects = {

/* Begin PBXBuildFile section */
		549184FC287E1A2000A22F5C /* Trip.swift in Sources */ = {isa = PBXBuildFile; fileRef = 549184FB287E1A2000A22F5C /* Trip.swift */; };
		549184FE287E234800A22F5C /* TripListViewModel.swift in Sources */ = {isa = PBXBuildFile; fileRef = 549184FD287E234800A22F5C /* TripListViewModel.swift */; };
		54918500287E29BB00A22F5C /* TripListView.swift in Sources */ = {isa = PBXBuildFile; fileRef = 549184FF287E29BA00A22F5C /* TripListView.swift */; };
		54918502287E417800A22F5C /* Place.swift in Sources */ = {isa = PBXBuildFile; fileRef = 54918501287E417800A22F5C /* Place.swift */; };
		54918504287E41B500A22F5C /* ThingToPack.swift in Sources */ = {isa = PBXBuildFile; fileRef = 54918503287E41B500A22F5C /* ThingToPack.swift */; };
		549E6DE8287E8F1600085BDA /* Amadeus in Frameworks */ = {isa = PBXBuildFile; productRef = 549E6DE7287E8F1600085BDA /* Amadeus */; };
		549E6DF0287F74A100085BDA /* WebService.swift in Sources */ = {isa = PBXBuildFile; fileRef = 549E6DEF287F74A100085BDA /* WebService.swift */; };
		549E6DF2287F74F600085BDA /* City.swift in Sources */ = {isa = PBXBuildFile; fileRef = 549E6DF1287F74F600085BDA /* City.swift */; };
		549E6DF4287F7D9500085BDA /* CityListViewModel.swift in Sources */ = {isa = PBXBuildFile; fileRef = 549E6DF3287F7D9500085BDA /* CityListViewModel.swift */; };
		54CCEDAD287CFC4E00C62679 /* TravelPlannerApp.swift in Sources */ = {isa = PBXBuildFile; fileRef = 54CCEDAC287CFC4E00C62679 /* TravelPlannerApp.swift */; };
		54CCEDB1287CFC5000C62679 /* Assets.xcassets in Resources */ = {isa = PBXBuildFile; fileRef = 54CCEDB0287CFC5000C62679 /* Assets.xcassets */; };
		54CCEDB4287CFC5000C62679 /* Preview Assets.xcassets in Resources */ = {isa = PBXBuildFile; fileRef = 54CCEDB3287CFC5000C62679 /* Preview Assets.xcassets */; };
/* End PBXBuildFile section */

/* Begin PBXFileReference section */
		549184FB287E1A2000A22F5C /* Trip.swift */ = {isa = PBXFileReference; lastKnownFileType = sourcecode.swift; path = Trip.swift; sourceTree = "<group>"; };
		549184FD287E234800A22F5C /* TripListViewModel.swift */ = {isa = PBXFileReference; lastKnownFileType = sourcecode.swift; path = TripListViewModel.swift; sourceTree = "<group>"; };
		549184FF287E29BA00A22F5C /* TripListView.swift */ = {isa = PBXFileReference; lastKnownFileType = sourcecode.swift; path = TripListView.swift; sourceTree = "<group>"; };
		54918501287E417800A22F5C /* Place.swift */ = {isa = PBXFileReference; lastKnownFileType = sourcecode.swift; path = Place.swift; sourceTree = "<group>"; };
		54918503287E41B500A22F5C /* ThingToPack.swift */ = {isa = PBXFileReference; lastKnownFileType = sourcecode.swift; path = ThingToPack.swift; sourceTree = "<group>"; };
		549E6DEF287F74A100085BDA /* WebService.swift */ = {isa = PBXFileReference; lastKnownFileType = sourcecode.swift; path = WebService.swift; sourceTree = "<group>"; };
		549E6DF1287F74F600085BDA /* City.swift */ = {isa = PBXFileReference; lastKnownFileType = sourcecode.swift; path = City.swift; sourceTree = "<group>"; };
		549E6DF3287F7D9500085BDA /* CityListViewModel.swift */ = {isa = PBXFileReference; lastKnownFileType = sourcecode.swift; path = CityListViewModel.swift; sourceTree = "<group>"; };
		54CCEDA9287CFC4E00C62679 /* TravelPlanner.app */ = {isa = PBXFileReference; explicitFileType = wrapper.application; includeInIndex = 0; path = TravelPlanner.app; sourceTree = BUILT_PRODUCTS_DIR; };
		54CCEDAC287CFC4E00C62679 /* TravelPlannerApp.swift */ = {isa = PBXFileReference; lastKnownFileType = sourcecode.swift; path = TravelPlannerApp.swift; sourceTree = "<group>"; };
		54CCEDB0287CFC5000C62679 /* Assets.xcassets */ = {isa = PBXFileReference; lastKnownFileType = folder.assetcatalog; path = Assets.xcassets; sourceTree = "<group>"; };
		54CCEDB3287CFC5000C62679 /* Preview Assets.xcassets */ = {isa = PBXFileReference; lastKnownFileType = folder.assetcatalog; path = "Preview Assets.xcassets"; sourceTree = "<group>"; };
/* End PBXFileReference section */

/* Begin PBXFrameworksBuildPhase section */
		54CCEDA6287CFC4E00C62679 /* Frameworks */ = {
			isa = PBXFrameworksBuildPhase;
			buildActionMask = 2147483647;
			files = (
				549E6DE8287E8F1600085BDA /* Amadeus in Frameworks */,
			);
			runOnlyForDeploymentPostprocessing = 0;
		};
/* End PBXFrameworksBuildPhase section */

/* Begin PBXGroup section */
		549184F7287E15E700A22F5C /* Resources */ = {
			isa = PBXGroup;
			children = (
				54CCEDB0287CFC5000C62679 /* Assets.xcassets */,
				54CCEDB2287CFC5000C62679 /* Preview Content */,
			);
			path = Resources;
			sourceTree = "<group>";
		};
		549184F8287E164600A22F5C /* Models */ = {
			isa = PBXGroup;
			children = (
				549E6DF1287F74F600085BDA /* City.swift */,
				549184FB287E1A2000A22F5C /* Trip.swift */,
				54918501287E417800A22F5C /* Place.swift */,
				54918503287E41B500A22F5C /* ThingToPack.swift */,
			);
			path = Models;
			sourceTree = "<group>";
		};
		549184F9287E164B00A22F5C /* ViewModels */ = {
			isa = PBXGroup;
			children = (
				549184FD287E234800A22F5C /* TripListViewModel.swift */,
				549E6DF3287F7D9500085BDA /* CityListViewModel.swift */,
			);
			path = ViewModels;
			sourceTree = "<group>";
		};
		549184FA287E165000A22F5C /* Views */ = {
			isa = PBXGroup;
			children = (
				549184FF287E29BA00A22F5C /* TripListView.swift */,
			);
			path = Views;
			sourceTree = "<group>";
		};
		54CCEDA0287CFC4E00C62679 = {
			isa = PBXGroup;
			children = (
				54CCEDAB287CFC4E00C62679 /* TravelPlanner */,
				54CCEDAA287CFC4E00C62679 /* Products */,
			);
			sourceTree = "<group>";
		};
		54CCEDAA287CFC4E00C62679 /* Products */ = {
			isa = PBXGroup;
			children = (
				54CCEDA9287CFC4E00C62679 /* TravelPlanner.app */,
			);
			name = Products;
			sourceTree = "<group>";
		};
		54CCEDAB287CFC4E00C62679 /* TravelPlanner */ = {
			isa = PBXGroup;
			children = (
				54CCEDAC287CFC4E00C62679 /* TravelPlannerApp.swift */,
				549184F7287E15E700A22F5C /* Resources */,
				549184F8287E164600A22F5C /* Models */,
				549184F9287E164B00A22F5C /* ViewModels */,
				549184FA287E165000A22F5C /* Views */,
				549E6DEF287F74A100085BDA /* WebService.swift */,
			);
			path = TravelPlanner;
			sourceTree = "<group>";
		};
		54CCEDB2287CFC5000C62679 /* Preview Content */ = {
			isa = PBXGroup;
			children = (
				54CCEDB3287CFC5000C62679 /* Preview Assets.xcassets */,
			);
			path = "Preview Content";
			sourceTree = "<group>";
		};
/* End PBXGroup section */

/* Begin PBXNativeTarget section */
		54CCEDA8287CFC4E00C62679 /* TravelPlanner */ = {
			isa = PBXNativeTarget;
			buildConfigurationList = 54CCEDB7287CFC5000C62679 /* Build configuration list for PBXNativeTarget "TravelPlanner" */;
			buildPhases = (
				54CCEDA5287CFC4E00C62679 /* Sources */,
				54CCEDA6287CFC4E00C62679 /* Frameworks */,
				54CCEDA7287CFC4E00C62679 /* Resources */,
			);
			buildRules = (
			);
			dependencies = (
			);
			name = TravelPlanner;
			packageProductDependencies = (
				549E6DE7287E8F1600085BDA /* Amadeus */,
			);
			productName = TravelPlanner;
			productReference = 54CCEDA9287CFC4E00C62679 /* TravelPlanner.app */;
			productType = "com.apple.product-type.application";
		};
/* End PBXNativeTarget section */

/* Begin PBXProject section */
		54CCEDA1287CFC4E00C62679 /* Project object */ = {
			isa = PBXProject;
			attributes = {
				BuildIndependentTargetsInParallel = 1;
				LastSwiftUpdateCheck = 1340;
				LastUpgradeCheck = 1340;
				TargetAttributes = {
					54CCEDA8287CFC4E00C62679 = {
						CreatedOnToolsVersion = 13.4.1;
					};
				};
			};
			buildConfigurationList = 54CCEDA4287CFC4E00C62679 /* Build configuration list for PBXProject "TravelPlanner" */;
			compatibilityVersion = "Xcode 13.0";
			developmentRegion = en;
			hasScannedForEncodings = 0;
			knownRegions = (
				en,
				Base,
			);
			mainGroup = 54CCEDA0287CFC4E00C62679;
			packageReferences = (
				549E6DE6287E8F1600085BDA /* XCRemoteSwiftPackageReference "amadeus-ios" */,
			);
			productRefGroup = 54CCEDAA287CFC4E00C62679 /* Products */;
			projectDirPath = "";
			projectRoot = "";
			targets = (
				54CCEDA8287CFC4E00C62679 /* TravelPlanner */,
			);
		};
/* End PBXProject section */

/* Begin PBXResourcesBuildPhase section */
		54CCEDA7287CFC4E00C62679 /* Resources */ = {
			isa = PBXResourcesBuildPhase;
			buildActionMask = 2147483647;
			files = (
				54CCEDB4287CFC5000C62679 /* Preview Assets.xcassets in Resources */,
				54CCEDB1287CFC5000C62679 /* Assets.xcassets in Resources */,
			);
			runOnlyForDeploymentPostprocessing = 0;
		};
/* End PBXResourcesBuildPhase section */

/* Begin PBXSourcesBuildPhase section */
		54CCEDA5287CFC4E00C62679 /* Sources */ = {
			isa = PBXSourcesBuildPhase;
			buildActionMask = 2147483647;
			files = (
				549184FC287E1A2000A22F5C /* Trip.swift in Sources */,
				549184FE287E234800A22F5C /* TripListViewModel.swift in Sources */,
				549E6DF0287F74A100085BDA /* WebService.swift in Sources */,
				549E6DF4287F7D9500085BDA /* CityListViewModel.swift in Sources */,
				54CCEDAD287CFC4E00C62679 /* TravelPlannerApp.swift in Sources */,
				54918500287E29BB00A22F5C /* TripListView.swift in Sources */,
				54918504287E41B500A22F5C /* ThingToPack.swift in Sources */,
				549E6DF2287F74F600085BDA /* City.swift in Sources */,
				54918502287E417800A22F5C /* Place.swift in Sources */,
			);
			runOnlyForDeploymentPostprocessing = 0;
		};
/* End PBXSourcesBuildPhase section */

/* Begin XCBuildConfiguration section */
		54CCEDB5287CFC5000C62679 /* Debug */ = {
			isa = XCBuildConfiguration;
			buildSettings = {
				ALWAYS_SEARCH_USER_PATHS = NO;
				CLANG_ANALYZER_NONNULL = YES;
				CLANG_ANALYZER_NUMBER_OBJECT_CONVERSION = YES_AGGRESSIVE;
				CLANG_CXX_LANGUAGE_STANDARD = "gnu++17";
				CLANG_ENABLE_MODULES = YES;
				CLANG_ENABLE_OBJC_ARC = YES;
				CLANG_ENABLE_OBJC_WEAK = YES;
				CLANG_WARN_BLOCK_CAPTURE_AUTORELEASING = YES;
				CLANG_WARN_BOOL_CONVERSION = YES;
				CLANG_WARN_COMMA = YES;
				CLANG_WARN_CONSTANT_CONVERSION = YES;
				CLANG_WARN_DEPRECATED_OBJC_IMPLEMENTATIONS = YES;
				CLANG_WARN_DIRECT_OBJC_ISA_USAGE = YES_ERROR;
				CLANG_WARN_DOCUMENTATION_COMMENTS = YES;
				CLANG_WARN_EMPTY_BODY = YES;
				CLANG_WARN_ENUM_CONVERSION = YES;
				CLANG_WARN_INFINITE_RECURSION = YES;
				CLANG_WARN_INT_CONVERSION = YES;
				CLANG_WARN_NON_LITERAL_NULL_CONVERSION = YES;
				CLANG_WARN_OBJC_IMPLICIT_RETAIN_SELF = YES;
				CLANG_WARN_OBJC_LITERAL_CONVERSION = YES;
				CLANG_WARN_OBJC_ROOT_CLASS = YES_ERROR;
				CLANG_WARN_QUOTED_INCLUDE_IN_FRAMEWORK_HEADER = YES;
				CLANG_WARN_RANGE_LOOP_ANALYSIS = YES;
				CLANG_WARN_STRICT_PROTOTYPES = YES;
				CLANG_WARN_SUSPICIOUS_MOVE = YES;
				CLANG_WARN_UNGUARDED_AVAILABILITY = YES_AGGRESSIVE;
				CLANG_WARN_UNREACHABLE_CODE = YES;
				CLANG_WARN__DUPLICATE_METHOD_MATCH = YES;
				COPY_PHASE_STRIP = NO;
				DEBUG_INFORMATION_FORMAT = dwarf;
				ENABLE_STRICT_OBJC_MSGSEND = YES;
				ENABLE_TESTABILITY = YES;
				GCC_C_LANGUAGE_STANDARD = gnu11;
				GCC_DYNAMIC_NO_PIC = NO;
				GCC_NO_COMMON_BLOCKS = YES;
				GCC_OPTIMIZATION_LEVEL = 0;
				GCC_PREPROCESSOR_DEFINITIONS = (
					"DEBUG=1",
					"$(inherited)",
				);
				GCC_WARN_64_TO_32_BIT_CONVERSION = YES;
				GCC_WARN_ABOUT_RETURN_TYPE = YES_ERROR;
				GCC_WARN_UNDECLARED_SELECTOR = YES;
				GCC_WARN_UNINITIALIZED_AUTOS = YES_AGGRESSIVE;
				GCC_WARN_UNUSED_FUNCTION = YES;
				GCC_WARN_UNUSED_VARIABLE = YES;
				IPHONEOS_DEPLOYMENT_TARGET = 15.5;
				MTL_ENABLE_DEBUG_INFO = INCLUDE_SOURCE;
				MTL_FAST_MATH = YES;
				ONLY_ACTIVE_ARCH = YES;
				SDKROOT = iphoneos;
				SWIFT_ACTIVE_COMPILATION_CONDITIONS = DEBUG;
				SWIFT_OPTIMIZATION_LEVEL = "-Onone";
			};
			name = Debug;
		};
		54CCEDB6287CFC5000C62679 /* Release */ = {
			isa = XCBuildConfiguration;
			buildSettings = {
				ALWAYS_SEARCH_USER_PATHS = NO;
				CLANG_ANALYZER_NONNULL = YES;
				CLANG_ANALYZER_NUMBER_OBJECT_CONVERSION = YES_AGGRESSIVE;
				CLANG_CXX_LANGUAGE_STANDARD = "gnu++17";
				CLANG_ENABLE_MODULES = YES;
				CLANG_ENABLE_OBJC_ARC = YES;
				CLANG_ENABLE_OBJC_WEAK = YES;
				CLANG_WARN_BLOCK_CAPTURE_AUTORELEASING = YES;
				CLANG_WARN_BOOL_CONVERSION = YES;
				CLANG_WARN_COMMA = YES;
				CLANG_WARN_CONSTANT_CONVERSION = YES;
				CLANG_WARN_DEPRECATED_OBJC_IMPLEMENTATIONS = YES;
				CLANG_WARN_DIRECT_OBJC_ISA_USAGE = YES_ERROR;
				CLANG_WARN_DOCUMENTATION_COMMENTS = YES;
				CLANG_WARN_EMPTY_BODY = YES;
				CLANG_WARN_ENUM_CONVERSION = YES;
				CLANG_WARN_INFINITE_RECURSION = YES;
				CLANG_WARN_INT_CONVERSION = YES;
				CLANG_WARN_NON_LITERAL_NULL_CONVERSION = YES;
				CLANG_WARN_OBJC_IMPLICIT_RETAIN_SELF = YES;
				CLANG_WARN_OBJC_LITERAL_CONVERSION = YES;
				CLANG_WARN_OBJC_ROOT_CLASS = YES_ERROR;
				CLANG_WARN_QUOTED_INCLUDE_IN_FRAMEWORK_HEADER = YES;
				CLANG_WARN_RANGE_LOOP_ANALYSIS = YES;
				CLANG_WARN_STRICT_PROTOTYPES = YES;
				CLANG_WARN_SUSPICIOUS_MOVE = YES;
				CLANG_WARN_UNGUARDED_AVAILABILITY = YES_AGGRESSIVE;
				CLANG_WARN_UNREACHABLE_CODE = YES;
				CLANG_WARN__DUPLICATE_METHOD_MATCH = YES;
				COPY_PHASE_STRIP = NO;
				DEBUG_INFORMATION_FORMAT = "dwarf-with-dsym";
				ENABLE_NS_ASSERTIONS = NO;
				ENABLE_STRICT_OBJC_MSGSEND = YES;
				GCC_C_LANGUAGE_STANDARD = gnu11;
				GCC_NO_COMMON_BLOCKS = YES;
				GCC_WARN_64_TO_32_BIT_CONVERSION = YES;
				GCC_WARN_ABOUT_RETURN_TYPE = YES_ERROR;
				GCC_WARN_UNDECLARED_SELECTOR = YES;
				GCC_WARN_UNINITIALIZED_AUTOS = YES_AGGRESSIVE;
				GCC_WARN_UNUSED_FUNCTION = YES;
				GCC_WARN_UNUSED_VARIABLE = YES;
				IPHONEOS_DEPLOYMENT_TARGET = 15.5;
				MTL_ENABLE_DEBUG_INFO = NO;
				MTL_FAST_MATH = YES;
				SDKROOT = iphoneos;
				SWIFT_COMPILATION_MODE = wholemodule;
				SWIFT_OPTIMIZATION_LEVEL = "-O";
				VALIDATE_PRODUCT = YES;
			};
			name = Release;
		};
		54CCEDB8287CFC5000C62679 /* Debug */ = {
			isa = XCBuildConfiguration;
			buildSettings = {
				ASSETCATALOG_COMPILER_APPICON_NAME = AppIcon;
				ASSETCATALOG_COMPILER_GLOBAL_ACCENT_COLOR_NAME = AccentColor;
				CODE_SIGN_STYLE = Automatic;
				CURRENT_PROJECT_VERSION = 1;
				DEVELOPMENT_ASSET_PATHS = "\"TravelPlanner/Resources/Preview Content\"";
				DEVELOPMENT_TEAM = QAY6XTDMYU;
				ENABLE_PREVIEWS = YES;
				GENERATE_INFOPLIST_FILE = YES;
				INFOPLIST_KEY_UIApplicationSceneManifest_Generation = YES;
				INFOPLIST_KEY_UIApplicationSupportsIndirectInputEvents = YES;
				INFOPLIST_KEY_UILaunchScreen_Generation = YES;
				INFOPLIST_KEY_UISupportedInterfaceOrientations_iPad = "UIInterfaceOrientationPortrait UIInterfaceOrientationPortraitUpsideDown UIInterfaceOrientationLandscapeLeft UIInterfaceOrientationLandscapeRight";
				INFOPLIST_KEY_UISupportedInterfaceOrientations_iPhone = "UIInterfaceOrientationPortrait UIInterfaceOrientationLandscapeLeft UIInterfaceOrientationLandscapeRight";
				LD_RUNPATH_SEARCH_PATHS = (
					"$(inherited)",
					"@executable_path/Frameworks",
				);
				MARKETING_VERSION = 1.0;
				PRODUCT_BUNDLE_IDENTIFIER = com.neverwinter9.TravelPlanner;
				PRODUCT_NAME = "$(TARGET_NAME)";
				SWIFT_EMIT_LOC_STRINGS = YES;
				SWIFT_VERSION = 5.0;
				TARGETED_DEVICE_FAMILY = "1,2";
			};
			name = Debug;
		};
		54CCEDB9287CFC5000C62679 /* Release */ = {
			isa = XCBuildConfiguration;
			buildSettings = {
				ASSETCATALOG_COMPILER_APPICON_NAME = AppIcon;
				ASSETCATALOG_COMPILER_GLOBAL_ACCENT_COLOR_NAME = AccentColor;
				CODE_SIGN_STYLE = Automatic;
				CURRENT_PROJECT_VERSION = 1;
				DEVELOPMENT_ASSET_PATHS = "\"TravelPlanner/Resources/Preview Content\"";
				DEVELOPMENT_TEAM = QAY6XTDMYU;
				ENABLE_PREVIEWS = YES;
				GENERATE_INFOPLIST_FILE = YES;
				INFOPLIST_KEY_UIApplicationSceneManifest_Generation = YES;
				INFOPLIST_KEY_UIApplicationSupportsIndirectInputEvents = YES;
				INFOPLIST_KEY_UILaunchScreen_Generation = YES;
				INFOPLIST_KEY_UISupportedInterfaceOrientations_iPad = "UIInterfaceOrientationPortrait UIInterfaceOrientationPortraitUpsideDown UIInterfaceOrientationLandscapeLeft UIInterfaceOrientationLandscapeRight";
				INFOPLIST_KEY_UISupportedInterfaceOrientations_iPhone = "UIInterfaceOrientationPortrait UIInterfaceOrientationLandscapeLeft UIInterfaceOrientationLandscapeRight";
				LD_RUNPATH_SEARCH_PATHS = (
					"$(inherited)",
					"@executable_path/Frameworks",
				);
				MARKETING_VERSION = 1.0;
				PRODUCT_BUNDLE_IDENTIFIER = com.neverwinter9.TravelPlanner;
				PRODUCT_NAME = "$(TARGET_NAME)";
				SWIFT_EMIT_LOC_STRINGS = YES;
				SWIFT_VERSION = 5.0;
				TARGETED_DEVICE_FAMILY = "1,2";
			};
			name = Release;
		};
/* End XCBuildConfiguration section */

/* Begin XCConfigurationList section */
		54CCEDA4287CFC4E00C62679 /* Build configuration list for PBXProject "TravelPlanner" */ = {
			isa = XCConfigurationList;
			buildConfigurations = (
				54CCEDB5287CFC5000C62679 /* Debug */,
				54CCEDB6287CFC5000C62679 /* Release */,
			);
			defaultConfigurationIsVisible = 0;
			defaultConfigurationName = Release;
		};
		54CCEDB7287CFC5000C62679 /* Build configuration list for PBXNativeTarget "TravelPlanner" */ = {
			isa = XCConfigurationList;
			buildConfigurations = (
				54CCEDB8287CFC5000C62679 /* Debug */,
				54CCEDB9287CFC5000C62679 /* Release */,
			);
			defaultConfigurationIsVisible = 0;
			defaultConfigurationName = Release;
		};
/* End XCConfigurationList section */

/* Begin XCRemoteSwiftPackageReference section */
		549E6DE6287E8F1600085BDA /* XCRemoteSwiftPackageReference "amadeus-ios" */ = {
			isa = XCRemoteSwiftPackageReference;
			repositoryURL = "https://github.com/amadeus4dev/amadeus-ios.git";
			requirement = {
				kind = upToNextMajorVersion;
				minimumVersion = 2.0.0;
			};
		};
/* End XCRemoteSwiftPackageReference section */

/* Begin XCSwiftPackageProductDependency section */
		549E6DE7287E8F1600085BDA /* Amadeus */ = {
			isa = XCSwiftPackageProductDependency;
			package = 549E6DE6287E8F1600085BDA /* XCRemoteSwiftPackageReference "amadeus-ios" */;
			productName = Amadeus;
		};
/* End XCSwiftPackageProductDependency section */
	};
	rootObject = 54CCEDA1287CFC4E00C62679 /* Project object */;
}
